// !$*UTF8*$!
{
	archiveVersion = 1;
	classes = {
	};
	objectVersion = 46;
	objects = {

/* Begin PBXBuildFile section */
		6F27C39016218EFC00624E78 /* UIKit.framework in Frameworks */ = {isa = PBXBuildFile; fileRef = 6F27C38F16218EFC00624E78 /* UIKit.framework */; };
		6F27C39216218EFC00624E78 /* Foundation.framework in Frameworks */ = {isa = PBXBuildFile; fileRef = 6F27C39116218EFC00624E78 /* Foundation.framework */; };
		6F27C39416218EFC00624E78 /* CoreGraphics.framework in Frameworks */ = {isa = PBXBuildFile; fileRef = 6F27C39316218EFC00624E78 /* CoreGraphics.framework */; };
		6F27C39A16218EFC00624E78 /* InfoPlist.strings in Resources */ = {isa = PBXBuildFile; fileRef = 6F27C39816218EFC00624E78 /* InfoPlist.strings */; };
		6F27C39C16218EFC00624E78 /* main.m in Sources */ = {isa = PBXBuildFile; fileRef = 6F27C39B16218EFC00624E78 /* main.m */; };
		6F27C3A016218EFC00624E78 /* AppDelegate.m in Sources */ = {isa = PBXBuildFile; fileRef = 6F27C39F16218EFC00624E78 /* AppDelegate.m */; };
		6F27C3A216218EFC00624E78 /* Default.png in Resources */ = {isa = PBXBuildFile; fileRef = 6F27C3A116218EFC00624E78 /* Default.png */; };
		6F27C3A416218EFC00624E78 /* Default@2x.png in Resources */ = {isa = PBXBuildFile; fileRef = 6F27C3A316218EFC00624E78 /* Default@2x.png */; };
		6F27C3A616218EFC00624E78 /* Default-568h@2x.png in Resources */ = {isa = PBXBuildFile; fileRef = 6F27C3A516218EFC00624E78 /* Default-568h@2x.png */; };
		6F27C3A916218EFC00624E78 /* ViewController.m in Sources */ = {isa = PBXBuildFile; fileRef = 6F27C3A816218EFC00624E78 /* ViewController.m */; };
		6F27C3AC16218EFC00624E78 /* ViewController.xib in Resources */ = {isa = PBXBuildFile; fileRef = 6F27C3AA16218EFC00624E78 /* ViewController.xib */; };
/* End PBXBuildFile section */

/* Begin PBXFileReference section */
		6F27C38B16218EFC00624E78 /* DBNotificationCenter.app */ = {isa = PBXFileReference; explicitFileType = wrapper.application; includeInIndex = 0; path = DBNotificationCenter.app; sourceTree = BUILT_PRODUCTS_DIR; };
		6F27C38F16218EFC00624E78 /* UIKit.framework */ = {isa = PBXFileReference; lastKnownFileType = wrapper.framework; name = UIKit.framework; path = System/Library/Frameworks/UIKit.framework; sourceTree = SDKROOT; };
		6F27C39116218EFC00624E78 /* Foundation.framework */ = {isa = PBXFileReference; lastKnownFileType = wrapper.framework; name = Foundation.framework; path = System/Library/Frameworks/Foundation.framework; sourceTree = SDKROOT; };
		6F27C39316218EFC00624E78 /* CoreGraphics.framework */ = {isa = PBXFileReference; lastKnownFileType = wrapper.framework; name = CoreGraphics.framework; path = System/Library/Frameworks/CoreGraphics.framework; sourceTree = SDKROOT; };
		6F27C39716218EFC00624E78 /* DBNotificationCenter-Info.plist */ = {isa = PBXFileReference; lastKnownFileType = text.plist.xml; path = "DBNotificationCenter-Info.plist"; sourceTree = "<group>"; };
		6F27C39916218EFC00624E78 /* en */ = {isa = PBXFileReference; lastKnownFileType = text.plist.strings; name = en; path = en.lproj/InfoPlist.strings; sourceTree = "<group>"; };
		6F27C39B16218EFC00624E78 /* main.m */ = {isa = PBXFileReference; lastKnownFileType = sourcecode.c.objc; path = main.m; sourceTree = "<group>"; };
		6F27C39D16218EFC00624E78 /* DBNotificationCenter-Prefix.pch */ = {isa = PBXFileReference; lastKnownFileType = sourcecode.c.h; path = "DBNotificationCenter-Prefix.pch"; sourceTree = "<group>"; };
		6F27C39E16218EFC00624E78 /* AppDelegate.h */ = {isa = PBXFileReference; lastKnownFileType = sourcecode.c.h; path = AppDelegate.h; sourceTree = "<group>"; };
		6F27C39F16218EFC00624E78 /* AppDelegate.m */ = {isa = PBXFileReference; lastKnownFileType = sourcecode.c.objc; path = AppDelegate.m; sourceTree = "<group>"; };
		6F27C3A116218EFC00624E78 /* Default.png */ = {isa = PBXFileReference; lastKnownFileType = image.png; path = Default.png; sourceTree = "<group>"; };
		6F27C3A316218EFC00624E78 /* Default@2x.png */ = {isa = PBXFileReference; lastKnownFileType = image.png; path = "Default@2x.png"; sourceTree = "<group>"; };
		6F27C3A516218EFC00624E78 /* Default-568h@2x.png */ = {isa = PBXFileReference; lastKnownFileType = image.png; path = "Default-568h@2x.png"; sourceTree = "<group>"; };
		6F27C3A716218EFC00624E78 /* ViewController.h */ = {isa = PBXFileReference; lastKnownFileType = sourcecode.c.h; path = ViewController.h; sourceTree = "<group>"; };
		6F27C3A816218EFC00624E78 /* ViewController.m */ = {isa = PBXFileReference; lastKnownFileType = sourcecode.c.objc; path = ViewController.m; sourceTree = "<group>"; };
		6F27C3AB16218EFC00624E78 /* en */ = {isa = PBXFileReference; lastKnownFileType = file.xib; name = en; path = en.lproj/ViewController.xib; sourceTree = "<group>"; };
/* End PBXFileReference section */

/* Begin PBXFrameworksBuildPhase section */
		6F27C38816218EFC00624E78 /* Frameworks */ = {
			isa = PBXFrameworksBuildPhase;
			buildActionMask = 2147483647;
			files = (
				6F27C39016218EFC00624E78 /* UIKit.framework in Frameworks */,
				6F27C39216218EFC00624E78 /* Foundation.framework in Frameworks */,
				6F27C39416218EFC00624E78 /* CoreGraphics.framework in Frameworks */,
			);
			runOnlyForDeploymentPostprocessing = 0;
		};
/* End PBXFrameworksBuildPhase section */

/* Begin PBXGroup section */
		6F27C38016218EFC00624E78 = {
			isa = PBXGroup;
			children = (
				6F27C39516218EFC00624E78 /* DBNotificationCenter */,
				6F27C38E16218EFC00624E78 /* Frameworks */,
				6F27C38C16218EFC00624E78 /* Products */,
			);
			sourceTree = "<group>";
		};
		6F27C38C16218EFC00624E78 /* Products */ = {
			isa = PBXGroup;
			children = (
				6F27C38B16218EFC00624E78 /* DBNotificationCenter.app */,
			);
			name = Products;
			sourceTree = "<group>";
		};
		6F27C38E16218EFC00624E78 /* Frameworks */ = {
			isa = PBXGroup;
			children = (
				6F27C38F16218EFC00624E78 /* UIKit.framework */,
				6F27C39116218EFC00624E78 /* Foundation.framework */,
				6F27C39316218EFC00624E78 /* CoreGraphics.framework */,
			);
			name = Frameworks;
			sourceTree = "<group>";
		};
		6F27C39516218EFC00624E78 /* DBNotificationCenter */ = {
			isa = PBXGroup;
			children = (
				6F27C39E16218EFC00624E78 /* AppDelegate.h */,
				6F27C39F16218EFC00624E78 /* AppDelegate.m */,
				6F27C3A716218EFC00624E78 /* ViewController.h */,
				6F27C3A816218EFC00624E78 /* ViewController.m */,
				6F27C3AA16218EFC00624E78 /* ViewController.xib */,
				6F27C39616218EFC00624E78 /* Supporting Files */,
			);
			path = DBNotificationCenter;
			sourceTree = "<group>";
		};
		6F27C39616218EFC00624E78 /* Supporting Files */ = {
			isa = PBXGroup;
			children = (
				6F27C39716218EFC00624E78 /* DBNotificationCenter-Info.plist */,
				6F27C39816218EFC00624E78 /* InfoPlist.strings */,
				6F27C39B16218EFC00624E78 /* main.m */,
				6F27C39D16218EFC00624E78 /* DBNotificationCenter-Prefix.pch */,
				6F27C3A116218EFC00624E78 /* Default.png */,
				6F27C3A316218EFC00624E78 /* Default@2x.png */,
				6F27C3A516218EFC00624E78 /* Default-568h@2x.png */,
			);
			name = "Supporting Files";
			sourceTree = "<group>";
		};
/* End PBXGroup section */

/* Begin PBXNativeTarget section */
		6F27C38A16218EFC00624E78 /* DBNotificationCenter */ = {
			isa = PBXNativeTarget;
			buildConfigurationList = 6F27C3AF16218EFC00624E78 /* Build configuration list for PBXNativeTarget "DBNotificationCenter" */;
			buildPhases = (
				6F27C38716218EFC00624E78 /* Sources */,
				6F27C38816218EFC00624E78 /* Frameworks */,
				6F27C38916218EFC00624E78 /* Resources */,
			);
			buildRules = (
			);
			dependencies = (
			);
			name = DBNotificationCenter;
			productName = DBNotificationCenter;
			productReference = 6F27C38B16218EFC00624E78 /* DBNotificationCenter.app */;
			productType = "com.apple.product-type.application";
		};
/* End PBXNativeTarget section */

/* Begin PBXProject section */
		6F27C38216218EFC00624E78 /* Project object */ = {
			isa = PBXProject;
			attributes = {
				LastUpgradeCheck = 0450;
				ORGANIZATIONNAME = "Dorin Danciu";
			};
			buildConfigurationList = 6F27C38516218EFC00624E78 /* Build configuration list for PBXProject "DBNotificationCenter" */;
			compatibilityVersion = "Xcode 3.2";
			developmentRegion = English;
			hasScannedForEncodings = 0;
			knownRegions = (
				en,
			);
			mainGroup = 6F27C38016218EFC00624E78;
			productRefGroup = 6F27C38C16218EFC00624E78 /* Products */;
			projectDirPath = "";
			projectRoot = "";
			targets = (
				6F27C38A16218EFC00624E78 /* DBNotificationCenter */,
			);
		};
/* End PBXProject section */

/* Begin PBXResourcesBuildPhase section */
		6F27C38916218EFC00624E78 /* Resources */ = {
			isa = PBXResourcesBuildPhase;
			buildActionMask = 2147483647;
			files = (
				6F27C39A16218EFC00624E78 /* InfoPlist.strings in Resources */,
				6F27C3A216218EFC00624E78 /* Default.png in Resources */,
				6F27C3A416218EFC00624E78 /* Default@2x.png in Resources */,
				6F27C3A616218EFC00624E78 /* Default-568h@2x.png in Resources */,
				6F27C3AC16218EFC00624E78 /* ViewController.xib in Resources */,
			);
			runOnlyForDeploymentPostprocessing = 0;
		};
/* End PBXResourcesBuildPhase section */

/* Begin PBXSourcesBuildPhase section */
		6F27C38716218EFC00624E78 /* Sources */ = {
			isa = PBXSourcesBuildPhase;
			buildActionMask = 2147483647;
			files = (
				6F27C39C16218EFC00624E78 /* main.m in Sources */,
				6F27C3A016218EFC00624E78 /* AppDelegate.m in Sources */,
				6F27C3A916218EFC00624E78 /* ViewController.m in Sources */,
			);
			runOnlyForDeploymentPostprocessing = 0;
		};
/* End PBXSourcesBuildPhase section */

/* Begin PBXVariantGroup section */
		6F27C39816218EFC00624E78 /* InfoPlist.strings */ = {
			isa = PBXVariantGroup;
			children = (
				6F27C39916218EFC00624E78 /* en */,
			);
			name = InfoPlist.strings;
			sourceTree = "<group>";
		};
		6F27C3AA16218EFC00624E78 /* ViewController.xib */ = {
			isa = PBXVariantGroup;
			children = (
				6F27C3AB16218EFC00624E78 /* en */,
			);
			name = ViewController.xib;
			sourceTree = "<group>";
		};
/* End PBXVariantGroup section */

/* Begin XCBuildConfiguration section */
		6F27C3AD16218EFC00624E78 /* Debug */ = {
			isa = XCBuildConfiguration;
			buildSettings = {
				ALWAYS_SEARCH_USER_PATHS = NO;
				CLANG_CXX_LANGUAGE_STANDARD = "gnu++0x";
				CLANG_CXX_LIBRARY = "libc++";
				CLANG_WARN_EMPTY_BODY = YES;
				CLANG_WARN__DUPLICATE_METHOD_MATCH = YES;
				"CODE_SIGN_IDENTITY[sdk=iphoneos*]" = "iPhone Developer";
				COPY_PHASE_STRIP = NO;
				GCC_C_LANGUAGE_STANDARD = gnu99;
				GCC_DYNAMIC_NO_PIC = NO;
				GCC_OPTIMIZATION_LEVEL = 0;
				GCC_PREPROCESSOR_DEFINITIONS = (
					"DEBUG=1",
					"$(inherited)",
				);
				GCC_SYMBOLS_PRIVATE_EXTERN = NO;
				GCC_WARN_ABOUT_RETURN_TYPE = YES;
				GCC_WARN_UNINITIALIZED_AUTOS = YES;
				GCC_WARN_UNUSED_VARIABLE = YES;
				IPHONEOS_DEPLOYMENT_TARGET = 6.0;
				ONLY_ACTIVE_ARCH = YES;
				SDKROOT = iphoneos;
			};
			name = Debug;
		};
		6F27C3AE16218EFC00624E78 /* Release */ = {
			isa = XCBuildConfiguration;
			buildSettings = {
				ALWAYS_SEARCH_USER_PATHS = NO;
				CLANG_CXX_LANGUAGE_STANDARD = "gnu++0x";
				CLANG_CXX_LIBRARY = "libc++";
				CLANG_WARN_EMPTY_BODY = YES;
				CLANG_WARN__DUPLICATE_METHOD_MATCH = YES;
				"CODE_SIGN_IDENTITY[sdk=iphoneos*]" = "iPhone Developer";
				COPY_PHASE_STRIP = YES;
				GCC_C_LANGUAGE_STANDARD = gnu99;
				GCC_WARN_ABOUT_RETURN_TYPE = YES;
				GCC_WARN_UNINITIALIZED_AUTOS = YES;
				GCC_WARN_UNUSED_VARIABLE = YES;
				IPHONEOS_DEPLOYMENT_TARGET = 6.0;
				OTHER_CFLAGS = "-DNS_BLOCK_ASSERTIONS=1";
				SDKROOT = iphoneos;
				VALIDATE_PRODUCT = YES;
			};
			name = Release;
		};
		6F27C3B016218EFC00624E78 /* Debug */ = {
			isa = XCBuildConfiguration;
			buildSettings = {
				GCC_PRECOMPILE_PREFIX_HEADER = YES;
				GCC_PREFIX_HEADER = "DBNotificationCenter/DBNotificationCenter-Prefix.pch";
				INFOPLIST_FILE = "DBNotificationCenter/DBNotificationCenter-Info.plist";
				PRODUCT_NAME = "$(TARGET_NAME)";
				WRAPPER_EXTENSION = app;
			};
			name = Debug;
		};
		6F27C3B116218EFC00624E78 /* Release */ = {
			isa = XCBuildConfiguration;
			buildSettings = {
				GCC_PRECOMPILE_PREFIX_HEADER = YES;
				GCC_PREFIX_HEADER = "DBNotificationCenter/DBNotificationCenter-Prefix.pch";
				INFOPLIST_FILE = "DBNotificationCenter/DBNotificationCenter-Info.plist";
				PRODUCT_NAME = "$(TARGET_NAME)";
				WRAPPER_EXTENSION = app;
			};
			name = Release;
		};
/* End XCBuildConfiguration section */

/* Begin XCConfigurationList section */
		6F27C38516218EFC00624E78 /* Build configuration list for PBXProject "DBNotificationCenter" */ = {
			isa = XCConfigurationList;
			buildConfigurations = (
				6F27C3AD16218EFC00624E78 /* Debug */,
				6F27C3AE16218EFC00624E78 /* Release */,
			);
			defaultConfigurationIsVisible = 0;
			defaultConfigurationName = Release;
		};
		6F27C3AF16218EFC00624E78 /* Build configuration list for PBXNativeTarget "DBNotificationCenter" */ = {
			isa = XCConfigurationList;
			buildConfigurations = (
				6F27C3B016218EFC00624E78 /* Debug */,
				6F27C3B116218EFC00624E78 /* Release */,
			);
			defaultConfigurationIsVisible = 0;
		};
/* End XCConfigurationList section */
	};
	rootObject = 6F27C38216218EFC00624E78 /* Project object */;
}
